
Microsoft Visual Studio Solution File, Format Version 12.00
# Visual Studio Version 17
VisualStudioVersion = 17.12.35527.113
MinimumVisualStudioVersion = 10.0.40219.1
Project("{FAE04EC0-301F-11D3-BF4B-00C04F79EFBC}") = "Yash.Config", "Yash.Config\Yash.Config.csproj", "{32F90933-114D-4120-AA1C-5A7F49B584C7}"
EndProject
Project("{FAE04EC0-301F-11D3-BF4B-00C04F79EFBC}") = "Yash.Config.Tests", "Yash.Config.Tests\Yash.Config.Tests.csproj", "{D085589F-3E56-4026-BE61-C1EDA65CF39A}"
EndProject
Project("{FAE04EC0-301F-11D3-BF4B-00C04F79EFBC}") = "Yash.Frameworks", "Yash.Frameworks\Yash.Frameworks.csproj", "{BA5CF303-DE69-4C4A-8615-2EFE5E6A6781}"
EndProject
Project("{FAE04EC0-301F-11D3-BF4B-00C04F79EFBC}") = "Yash.Orchestrator", "Yash.Orchestrator\Yash.Orchestrator.csproj", "{747F9D9D-B35D-488B-A89B-3B54F9027544}"
EndProject
Project("{FAE04EC0-301F-11D3-BF4B-00C04F79EFBC}") = "Yash.Orchestrator.Tests", "Yash.Orchestrator.Tests\Yash.Orchestrator.Tests.csproj", "{D04FA15A-F44F-409E-880D-C912C0CA5A2F}"
EndProject
Project("{FAE04EC0-301F-11D3-BF4B-00C04F79EFBC}") = "Yash.Utility", "Yash.Utility\Yash.Utility.csproj", "{2EC30A73-BDF5-4412-9213-091E771B26B8}"
EndProject
Project("{FAE04EC0-301F-11D3-BF4B-00C04F79EFBC}") = "Yash.Utility.Tests", "Yash.Utility.Test\Yash.Utility.Tests.csproj", "{987579B3-E74F-40FD-956A-797526D4F231}"
EndProject
Project("{2150E333-8FDC-42A3-9474-1A3956D46DE8}") = "Solution Directory", "Solution Directory", "{92FC06C6-1784-4E06-852B-905679F1E9D2}"
	ProjectSection(SolutionItems) = preProject
		Directory.Build.props = Directory.Build.props
		Directory.Packages.props = Directory.Packages.props
	EndProjectSection
EndProject
Global
	GlobalSection(SolutionConfigurationPlatforms) = preSolution
		Debug|Any CPU = Debug|Any CPU
		Release|Any CPU = Release|Any CPU
	EndGlobalSection
	GlobalSection(ProjectConfigurationPlatforms) = postSolution
		{32F90933-114D-4120-AA1C-5A7F49B584C7}.Debug|Any CPU.ActiveCfg = Debug|Any CPU
		{32F90933-114D-4120-AA1C-5A7F49B584C7}.Debug|Any CPU.Build.0 = Debug|Any CPU
		{32F90933-114D-4120-AA1C-5A7F49B584C7}.Release|Any CPU.ActiveCfg = Release|Any CPU
		{32F90933-114D-4120-AA1C-5A7F49B584C7}.Release|Any CPU.Build.0 = Release|Any CPU
		{D085589F-3E56-4026-BE61-C1EDA65CF39A}.Debug|Any CPU.ActiveCfg = Debug|Any CPU
		{D085589F-3E56-4026-BE61-C1EDA65CF39A}.Debug|Any CPU.Build.0 = Debug|Any CPU
		{D085589F-3E56-4026-BE61-C1EDA65CF39A}.Release|Any CPU.ActiveCfg = Release|Any CPU
		{D085589F-3E56-4026-BE61-C1EDA65CF39A}.Release|Any CPU.Build.0 = Release|Any CPU
		{BA5CF303-DE69-4C4A-8615-2EFE5E6A6781}.Debug|Any CPU.ActiveCfg = Debug|Any CPU
		{BA5CF303-DE69-4C4A-8615-2EFE5E6A6781}.Debug|Any CPU.Build.0 = Debug|Any CPU
		{BA5CF303-DE69-4C4A-8615-2EFE5E6A6781}.Release|Any CPU.ActiveCfg = Release|Any CPU
		{BA5CF303-DE69-4C4A-8615-2EFE5E6A6781}.Release|Any CPU.Build.0 = Release|Any CPU
		{747F9D9D-B35D-488B-A89B-3B54F9027544}.Debug|Any CPU.ActiveCfg = Debug|Any CPU
		{747F9D9D-B35D-488B-A89B-3B54F9027544}.Debug|Any CPU.Build.0 = Debug|Any CPU
		{747F9D9D-B35D-488B-A89B-3B54F9027544}.Release|Any CPU.ActiveCfg = Release|Any CPU
		{747F9D9D-B35D-488B-A89B-3B54F9027544}.Release|Any CPU.Build.0 = Release|Any CPU
		{D04FA15A-F44F-409E-880D-C912C0CA5A2F}.Debug|Any CPU.ActiveCfg = Debug|Any CPU
		{D04FA15A-F44F-409E-880D-C912C0CA5A2F}.Debug|Any CPU.Build.0 = Debug|Any CPU
		{D04FA15A-F44F-409E-880D-C912C0CA5A2F}.Release|Any CPU.ActiveCfg = Release|Any CPU
		{D04FA15A-F44F-409E-880D-C912C0CA5A2F}.Release|Any CPU.Build.0 = Release|Any CPU
		{2EC30A73-BDF5-4412-9213-091E771B26B8}.Debug|Any CPU.ActiveCfg = Debug|Any CPU
		{2EC30A73-BDF5-4412-9213-091E771B26B8}.Debug|Any CPU.Build.0 = Debug|Any CPU
		{2EC30A73-BDF5-4412-9213-091E771B26B8}.Release|Any CPU.ActiveCfg = Release|Any CPU
		{2EC30A73-BDF5-4412-9213-091E771B26B8}.Release|Any CPU.Build.0 = Release|Any CPU
		{987579B3-E74F-40FD-956A-797526D4F231}.Debug|Any CPU.ActiveCfg = Debug|Any CPU
		{987579B3-E74F-40FD-956A-797526D4F231}.Debug|Any CPU.Build.0 = Debug|Any CPU
		{987579B3-E74F-40FD-956A-797526D4F231}.Release|Any CPU.ActiveCfg = Release|Any CPU
		{987579B3-E74F-40FD-956A-797526D4F231}.Release|Any CPU.Build.0 = Release|Any CPU
	EndGlobalSection
	GlobalSection(SolutionProperties) = preSolution
		HideSolutionNode = FALSE
	EndGlobalSection
EndGlobal
